
Microsoft Visual Studio Solution File, Format Version 12.00
# Visual Studio Version 17
VisualStudioVersion = 17.0.32112.339
MinimumVisualStudioVersion = 10.0.40219.1
Project("{FAE04EC0-301F-11D3-BF4B-00C04F79EFBC}") = "Demo", "Demo\Demo.csproj", "{101C197C-6E48-4C6F-84D9-38BFF61B7C2D}"
EndProject
Global
	GlobalSection(SolutionConfigurationPlatforms) = preSolution
		Debug|Any CPU = Debug|Any CPU
		Release|Any CPU = Release|Any CPU
	EndGlobalSection
	GlobalSection(ProjectConfigurationPlatforms) = postSolution
		{101C197C-6E48-4C6F-84D9-38BFF61B7C2D}.Debug|Any CPU.ActiveCfg = Debug|Any CPU
		{101C197C-6E48-4C6F-84D9-38BFF61B7C2D}.Debug|Any CPU.Build.0 = Debug|Any CPU
		{101C197C-6E48-4C6F-84D9-38BFF61B7C2D}.Release|Any CPU.ActiveCfg = Release|Any CPU
		{101C197C-6E48-4C6F-84D9-38BFF61B7C2D}.Release|Any CPU.Build.0 = Release|Any CPU
	EndGlobalSection
	GlobalSection(SolutionProperties) = preSolution
		HideSolutionNode = FALSE
	EndGlobalSection
	GlobalSection(ExtensibilityGlobals) = postSolution
		SolutionGuid = {F0B5D553-0FAC-401D-B691-4FF2633BB610}
	EndGlobalSection
EndGlobal
